<?xml version="1.0" encoding="utf-8"?>
<Project ToolsVersion="4.0" xmlns="http://schemas.microsoft.com/developer/msbuild/2003">
  <ItemGroup>
    <Filter Include="Source Files">
      <UniqueIdentifier>{4FC737F1-C7A5-4376-A066-2A32D752A2FF}</UniqueIdentifier>
      <Extensions>cpp;c;cc;cxx;def;odl;idl;hpj;bat;asm;asmx</Extensions>
    </Filter>
    <Filter Include="Header Files">
      <UniqueIdentifier>{93995380-89BD-4b04-88EB-625FBE52EBFB}</UniqueIdentifier>
      <Extensions>h;hh;hpp;hxx;hm;inl;inc;xsd</Extensions>
    </Filter>
    <Filter Include="Resource Files">
      <UniqueIdentifier>{67DA6AB6-F800-4c08-8B7A-83BB121AAD01}</UniqueIdentifier>
      <Extensions>rc;ico;cur;bmp;dlg;rc2;rct;bin;rgs;gif;jpg;jpeg;jpe;resx;tiff;tif;png;wav;mfcribbon-ms</Extensions>
    </Filter>
    <Filter Include="Header Files\GameObject">
      <UniqueIdentifier>{5783397e-48fb-4d06-abf7-4fe3dab64aa4}</UniqueIdentifier>
    </Filter>
    <Filter Include="Source Files\GameObject">
      <UniqueIdentifier>{e7e786fc-d12f-4c78-91fb-a9797d7c9df3}</UniqueIdentifier>
    </Filter>
    <Filter Include="Header Files\GameState">
      <UniqueIdentifier>{0b9e6be6-86ae-499a-845a-5dda90104604}</UniqueIdentifier>
    </Filter>
    <Filter Include="Source Files\GameState">
      <UniqueIdentifier>{23b8faec-cbfd-48d2-9a7b-6372b3c30620}</UniqueIdentifier>
    </Filter>
    <Filter Include="Header Files\Manager">
      <UniqueIdentifier>{9c489ab6-8049-441a-98d3-a9278e7ea43b}</UniqueIdentifier>
    </Filter>
    <Filter Include="Source Files\Manager">
      <UniqueIdentifier>{8c4d6523-877e-4cea-9916-7b835f90b368}</UniqueIdentifier>
    </Filter>
    <Filter Include="Header Files\Events">
      <UniqueIdentifier>{3caa59df-4f62-4fa3-a7e7-73b67aefe3dc}</UniqueIdentifier>
    </Filter>
    <Filter Include="Source Files\Events">
      <UniqueIdentifier>{d912d049-4a53-48ee-8614-63152bd6b896}</UniqueIdentifier>
    </Filter>
    <Filter Include="Header Files\ButtleRoyal">
      <UniqueIdentifier>{8692ebd8-a9ac-4d87-81b5-4d34fcc1e681}</UniqueIdentifier>
    </Filter>
    <Filter Include="Header Files\Math">
      <UniqueIdentifier>{118b7071-b610-45c5-9d0f-65951e0ea0d4}</UniqueIdentifier>
    </Filter>
    <Filter Include="Header Files\Animation">
      <UniqueIdentifier>{79149bac-73b9-44d4-b309-bb9aee6dffe7}</UniqueIdentifier>
    </Filter>
    <Filter Include="Source Files\Animation">
      <UniqueIdentifier>{81639de3-9779-467b-9f01-0eb1438d661d}</UniqueIdentifier>
    </Filter>
    <Filter Include="Header Files\PlayerState">
      <UniqueIdentifier>{9c79495a-dc6b-4abe-ae55-e4f93b3a2115}</UniqueIdentifier>
    </Filter>
    <Filter Include="Source Files\PlayerState">
      <UniqueIdentifier>{904d0abb-275c-4fe4-9e7e-5cee3cb34fae}</UniqueIdentifier>
    </Filter>
  </ItemGroup>
  <ItemGroup>
    <ClInclude Include="../src/stdafx.h">
      <Filter>Header Files</Filter>
    </ClInclude>
    <ClInclude Include="../src/targetver.h">
      <Filter>Header Files</Filter>
    </ClInclude>
    <ClInclude Include="../src/Game.h">
      <Filter>Header Files</Filter>
    </ClInclude>
    <ClInclude Include="../src/GameObject.h">
      <Filter>Header Files\GameObject</Filter>
    </ClInclude>
    <ClInclude Include="../src/MenuState.h">
      <Filter>Header Files\GameState</Filter>
    </ClInclude>
    <ClInclude Include="../src/MainState.h">
      <Filter>Header Files\GameState</Filter>
    </ClInclude>
    <ClInclude Include="../src/GameStateManager.h">
      <Filter>Header Files\GameState</Filter>
    </ClInclude>
    <ClInclude Include="..\src\Debug.h">
      <Filter>Header Files</Filter>
    </ClInclude>
    <ClInclude Include="..\src\IComponent.h">
      <Filter>Header Files\GameObject</Filter>
    </ClInclude>
    <ClInclude Include="..\src\IAnimationComponent.h">
      <Filter>Header Files\GameObject</Filter>
    </ClInclude>
    <ClInclude Include="..\src\IRenderComponent.h">
      <Filter>Header Files\GameObject</Filter>
    </ClInclude>
    <ClInclude Include="..\src\SpriteRenderComponent.h">
      <Filter>Header Files\GameObject</Filter>
    </ClInclude>
    <ClInclude Include="../src/TransformAnimationComponent.h">
      <Filter>Header Files\GameObject</Filter>
    </ClInclude>
    <ClInclude Include="../src/GameState.h">
      <Filter>Header Files\GameState</Filter>
    </ClInclude>
    <ClInclude Include="..\src\TransformAnimationConstantMotion.h">
      <Filter>Header Files\GameObject</Filter>
    </ClInclude>
    <ClInclude Include="..\src\CameraRenderComponent.h">
      <Filter>Header Files\GameObject</Filter>
    </ClInclude>
    <ClInclude Include="..\src\PlayerMoveComponent.h">
      <Filter>Header Files\GameObject</Filter>
    </ClInclude>
    <ClInclude Include="../src/TileLayerRenderComponent.h">
      <Filter>Header Files\GameObject</Filter>
    </ClInclude>
    <ClInclude Include="..\src\NLTmxMap.h">
      <Filter>Header Files</Filter>
    </ClInclude>
    <ClInclude Include="..\src\TileMapLoader.h">
      <Filter>Header Files</Filter>
    </ClInclude>
    <ClInclude Include="..\src\SpriteManager.h">
      <Filter>Header Files\Manager</Filter>
    </ClInclude>
    <ClInclude Include="..\src\GameObjectManager.h">
      <Filter>Header Files\Manager</Filter>
    </ClInclude>
    <ClInclude Include="../src/InputManager.h">
      <Filter>Header Files\Manager</Filter>
    </ClInclude>
    <ClInclude Include="..\src\BoxColliderComponent.h">
      <Filter>Header Files\GameObject</Filter>
    </ClInclude>
    <ClInclude Include="..\src\RigidBodyComponent.h">
      <Filter>Header Files\GameObject</Filter>
    </ClInclude>
    <ClInclude Include="..\src\PhysicsManager.h">
      <Filter>Header Files\Manager</Filter>
    </ClInclude>
    <ClInclude Include="..\src\EventBus.h">
      <Filter>Header Files\Events</Filter>
    </ClInclude>
    <ClInclude Include="..\src\IEvent.h">
      <Filter>Header Files\Events</Filter>
    </ClInclude>
    <ClInclude Include="..\src\GameObjectEvents.h">
      <Filter>Header Files\Events</Filter>
    </ClInclude>
    <ClInclude Include="..\src\PhysicsComponentEvents.h">
      <Filter>Header Files\Events</Filter>
    </ClInclude>
    <ClInclude Include="..\src\RenderComponentEvents.h">
      <Filter>Header Files\Events</Filter>
    </ClInclude>
    <ClInclude Include="..\src\ButtleRoyal\dll_export.h">
      <Filter>Header Files\ButtleRoyal</Filter>
    </ClInclude>
    <ClInclude Include="..\src\DebugDraw.h">
      <Filter>Header Files</Filter>
    </ClInclude>
    <ClInclude Include="..\src\VectorAlgebra3D.h">
      <Filter>Header Files\Math</Filter>
    </ClInclude>
    <ClInclude Include="..\src\Trigonometry.h">
      <Filter>Header Files\Math</Filter>
    </ClInclude>
    <ClInclude Include="..\src\VectorAlgebra2D.h">
      <Filter>Header Files\Math</Filter>
    </ClInclude>
    <ClInclude Include="..\src\AnimatedSprite.h">
      <Filter>Header Files\Animation</Filter>
    </ClInclude>
    <ClInclude Include="..\src\Animation.h">
      <Filter>Header Files\Animation</Filter>
    </ClInclude>
    <ClInclude Include="..\src\SpriteAnimationComponent.h">
      <Filter>Header Files\Animation</Filter>
    </ClInclude>
    <ClInclude Include="..\src\PlayerPropertyComponent.h">
      <Filter>Header Files\GameObject</Filter>
    </ClInclude>
    <ClInclude Include="..\src\WinState.h">
      <Filter>Header Files\GameState</Filter>
    </ClInclude>
    <ClInclude Include="..\src\IPlayerState.h">
      <Filter>Header Files\PlayerState</Filter>
    </ClInclude>
    <ClInclude Include="..\src\PlayerStateManager.h">
      <Filter>Header Files\PlayerState</Filter>
    </ClInclude>
    <ClInclude Include="..\src\RightRunningState.h">
      <Filter>Header Files\PlayerState</Filter>
    </ClInclude>
    <ClInclude Include="..\src\LeftRunningState.h">
      <Filter>Header Files\PlayerState</Filter>
    </ClInclude>
    <ClInclude Include="..\src\LeftStandingState.h">
      <Filter>Header Files\PlayerState</Filter>
    </ClInclude>
    <ClInclude Include="..\src\RightStandingState.h">
      <Filter>Header Files\PlayerState</Filter>
    </ClInclude>
    <ClInclude Include="..\src\RightPunchState.h">
      <Filter>Header Files\PlayerState</Filter>
    </ClInclude>
    <ClInclude Include="..\src\LeftPunchState.h">
      <Filter>Header Files\PlayerState</Filter>
    </ClInclude>
    <ClInclude Include="..\src\LeftJumpingState.h">
      <Filter>Header Files\PlayerState</Filter>
    </ClInclude>
    <ClInclude Include="..\src\LeftAirbornState.h">
      <Filter>Header Files\PlayerState</Filter>
    </ClInclude>
    <ClInclude Include="..\src\LeftLandingState.h">
      <Filter>Header Files\PlayerState</Filter>
    </ClInclude>
    <ClInclude Include="..\src\RightAirbornState.h">
      <Filter>Header Files\PlayerState</Filter>
    </ClInclude>
    <ClInclude Include="..\src\RightJumpingState.h">
      <Filter>Header Files\PlayerState</Filter>
    </ClInclude>
    <ClInclude Include="..\src\RightLandingState.h">
      <Filter>Header Files\PlayerState</Filter>
    </ClInclude>
    <ClInclude Include="..\src\LeftAirPunchState.h">
      <Filter>Header Files\PlayerState</Filter>
    </ClInclude>
    <ClInclude Include="..\src\LeftRunningPunchState.h">
      <Filter>Header Files\PlayerState</Filter>
    </ClInclude>
    <ClInclude Include="..\src\RightAirPunchState.h">
      <Filter>Header Files\PlayerState</Filter>
    </ClInclude>
    <ClInclude Include="..\src\RightRunningPunchState.h">
      <Filter>Header Files\PlayerState</Filter>
    </ClInclude>
    <ClInclude Include="..\src\ControlsState.h">
      <Filter>Header Files\GameState</Filter>
    </ClInclude>
    <ClInclude Include="..\src\CreditState.h">
      <Filter>Header Files\GameState</Filter>
    </ClInclude>
    <ClInclude Include="..\src\PlayerPropertyManager.h">
      <Filter>Header Files\Manager</Filter>
    </ClInclude>
    <ClInclude Include="..\src\LevelState.h">
      <Filter>Header Files\GameState</Filter>
    </ClInclude>
    <ClInclude Include="..\src\SoundManager.h">
      <Filter>Header Files\Manager</Filter>
    </ClInclude>
  </ItemGroup>
  <ItemGroup>
    <ClCompile Include="../src/stdafx.cpp">
      <Filter>Source Files</Filter>
    </ClCompile>
    <ClCompile Include="../src/main.cpp">
      <Filter>Source Files</Filter>
    </ClCompile>
    <ClCompile Include="../src/Game.cpp">
      <Filter>Source Files</Filter>
    </ClCompile>
    <ClCompile Include="../src/GameObject.cpp">
      <Filter>Source Files\GameObject</Filter>
    </ClCompile>
    <ClCompile Include="../src/GameStateManager.cpp">
      <Filter>Source Files\GameState</Filter>
    </ClCompile>
    <ClCompile Include="../src/MainState.cpp">
      <Filter>Source Files\GameState</Filter>
    </ClCompile>
    <ClCompile Include="../src/MenuState.cpp">
      <Filter>Source Files\GameState</Filter>
    </ClCompile>
    <ClCompile Include="..\src\TransformAnimationConstantMotion.cpp">
      <Filter>Source Files\GameObject</Filter>
    </ClCompile>
    <ClCompile Include="..\src\SpriteRenderComponent.cpp">
      <Filter>Source Files\GameObject</Filter>
    </ClCompile>
    <ClCompile Include="..\src\CameraRenderComponent.cpp">
      <Filter>Source Files\GameObject</Filter>
    </ClCompile>
    <ClCompile Include="..\src\TransformAnimationComponent.cpp">
      <Filter>Source Files\GameObject</Filter>
    </ClCompile>
    <ClCompile Include="..\src\PlayerMoveComponent.cpp">
      <Filter>Source Files\GameObject</Filter>
    </ClCompile>
    <ClCompile Include="../src/TileLayerRenderComponent.cpp">
      <Filter>Source Files\GameObject</Filter>
    </ClCompile>
    <ClCompile Include="..\src\NLTmxMap.cpp">
      <Filter>Source Files</Filter>
    </ClCompile>
    <ClCompile Include="..\src\TileMapLoader.cpp">
      <Filter>Source Files</Filter>
    </ClCompile>
    <ClCompile Include="..\src\GameObjectManager.cpp">
      <Filter>Source Files\Manager</Filter>
    </ClCompile>
    <ClCompile Include="../src/InputManager.cpp">
      <Filter>Source Files\Manager</Filter>
    </ClCompile>
    <ClCompile Include="..\src\SpriteManager.cpp">
      <Filter>Source Files\Manager</Filter>
    </ClCompile>
    <ClCompile Include="..\src\RigidBodyComponent.cpp">
      <Filter>Source Files\GameObject</Filter>
    </ClCompile>
    <ClCompile Include="..\src\PhysicsManager.cpp">
      <Filter>Source Files\Manager</Filter>
    </ClCompile>
    <ClCompile Include="..\src\BoxColliderComponent.cpp">
      <Filter>Source Files\GameObject</Filter>
    </ClCompile>
    <ClCompile Include="..\src\EventBus.cpp">
      <Filter>Source Files\Events</Filter>
    </ClCompile>
    <ClCompile Include="..\src\GameObjectEvents.cpp">
      <Filter>Source Files\Events</Filter>
    </ClCompile>
    <ClCompile Include="..\src\RenderComponentEvents.cpp">
      <Filter>Source Files\Events</Filter>
    </ClCompile>
    <ClCompile Include="..\src\PhysicsComponentEvents.cpp">
      <Filter>Source Files\Events</Filter>
    </ClCompile>
    <ClCompile Include="..\src\DebugDraw.cpp">
      <Filter>Source Files</Filter>
    </ClCompile>
    <ClCompile Include="..\src\Animation.cpp">
      <Filter>Source Files\Animation</Filter>
    </ClCompile>
    <ClCompile Include="..\src\AnimatedSprite.cpp">
      <Filter>Source Files\Animation</Filter>
    </ClCompile>
    <ClCompile Include="..\src\SpriteAnimationComponent.cpp">
      <Filter>Source Files\Animation</Filter>
    </ClCompile>
    <ClCompile Include="..\src\PlayerPropertyComponent.cpp">
      <Filter>Source Files\GameObject</Filter>
    </ClCompile>
    <ClCompile Include="..\src\WinState.cpp">
      <Filter>Source Files\GameState</Filter>
    </ClCompile>
    <ClCompile Include="..\src\PlayerStateManager.cpp">
      <Filter>Source Files\PlayerState</Filter>
    </ClCompile>
    <ClCompile Include="..\src\RightRunningState.cpp">
      <Filter>Source Files\PlayerState</Filter>
    </ClCompile>
    <ClCompile Include="..\src\LeftRunningState.cpp">
      <Filter>Source Files\PlayerState</Filter>
    </ClCompile>
    <ClCompile Include="..\src\LeftStandingState.cpp">
      <Filter>Source Files\PlayerState</Filter>
    </ClCompile>
    <ClCompile Include="..\src\RightStandingState.cpp">
      <Filter>Source Files\PlayerState</Filter>
    </ClCompile>
    <ClCompile Include="..\src\RightPunchState.cpp">
      <Filter>Source Files\PlayerState</Filter>
    </ClCompile>
    <ClCompile Include="..\src\LeftPunchState.cpp">
      <Filter>Source Files\PlayerState</Filter>
    </ClCompile>
    <ClCompile Include="..\src\LeftJumpingState.cpp">
      <Filter>Source Files\PlayerState</Filter>
    </ClCompile>
    <ClCompile Include="..\src\LeftAirbornState.cpp">
      <Filter>Source Files\PlayerState</Filter>
    </ClCompile>
    <ClCompile Include="..\src\LeftLandingState.cpp">
      <Filter>Source Files\PlayerState</Filter>
    </ClCompile>
    <ClCompile Include="..\src\RightAirbornState.cpp">
      <Filter>Source Files\PlayerState</Filter>
    </ClCompile>
    <ClCompile Include="..\src\RightJumpingState.cpp">
      <Filter>Source Files\PlayerState</Filter>
    </ClCompile>
    <ClCompile Include="..\src\RightLandingState.cpp">
      <Filter>Source Files\PlayerState</Filter>
    </ClCompile>
    <ClCompile Include="..\src\LeftAirPunchState.cpp">
      <Filter>Source Files\PlayerState</Filter>
    </ClCompile>
    <ClCompile Include="..\src\LeftRunningPunchState.cpp">
      <Filter>Source Files\PlayerState</Filter>
    </ClCompile>
    <ClCompile Include="..\src\RightAirPunchState.cpp">
      <Filter>Source Files\PlayerState</Filter>
    </ClCompile>
    <ClCompile Include="..\src\RightRunningPunchState.cpp">
      <Filter>Source Files\PlayerState</Filter>
    </ClCompile>
    <ClCompile Include="..\src\ControlsState.cpp">
      <Filter>Source Files\GameState</Filter>
    </ClCompile>
    <ClCompile Include="..\src\CreditState.cpp">
      <Filter>Source Files\GameState</Filter>
    </ClCompile>
    <ClCompile Include="..\src\LevelState.cpp">
      <Filter>Source Files\GameState</Filter>
    </ClCompile>
    <ClCompile Include="..\src\SoundManager.cpp">
      <Filter>Source Files\Manager</Filter>
    </ClCompile>
    <ClCompile Include="..\src\PlayerPropertyManager.cpp">
      <Filter>Source Files\Manager</Filter>
    </ClCompile>
  </ItemGroup>
  <ItemGroup>
    <None Include="ClassDiagram.cd" />
    <None Include="..\src\VectorAlgebra3D.inl">
      <Filter>Header Files\Math</Filter>
    </None>
    <None Include="..\src\VectorAlgebra2D.inl">
      <Filter>Header Files\Math</Filter>
    </None>
  </ItemGroup>
</Project>